
Microsoft Visual Studio Solution File, Format Version 12.00
# Visual Studio Version 17
VisualStudioVersion = 17.6.33829.357
MinimumVisualStudioVersion = 10.0.40219.1
Project("{FAE04EC0-301F-11D3-BF4B-00C04F79EFBC}") = "Budget.Android", "Budget.Android\Budget.Android.csproj", "{26F8FA1D-DB14-4547-9B97-447EFAC59E1A}"
EndProject
Project("{FAE04EC0-301F-11D3-BF4B-00C04F79EFBC}") = "Budget", "Budget\Budget.csproj", "{0D55CDCC-DCA0-4A18-A9BB-30DB449E1532}"
EndProject
Global
	GlobalSection(SolutionConfigurationPlatforms) = preSolution
		Debug|Any CPU = Debug|Any CPU
		Release|Any CPU = Release|Any CPU
	EndGlobalSection
	GlobalSection(ProjectConfigurationPlatforms) = postSolution
		{26F8FA1D-DB14-4547-9B97-447EFAC59E1A}.Debug|Any CPU.ActiveCfg = Debug|Any CPU
		{26F8FA1D-DB14-4547-9B97-447EFAC59E1A}.Debug|Any CPU.Build.0 = Debug|Any CPU
		{26F8FA1D-DB14-4547-9B97-447EFAC59E1A}.Debug|Any CPU.Deploy.0 = Debug|Any CPU
		{26F8FA1D-DB14-4547-9B97-447EFAC59E1A}.Release|Any CPU.ActiveCfg = Release|Any CPU
		{26F8FA1D-DB14-4547-9B97-447EFAC59E1A}.Release|Any CPU.Build.0 = Release|Any CPU
		{26F8FA1D-DB14-4547-9B97-447EFAC59E1A}.Release|Any CPU.Deploy.0 = Release|Any CPU
		{0D55CDCC-DCA0-4A18-A9BB-30DB449E1532}.Debug|Any CPU.ActiveCfg = Debug|Any CPU
		{0D55CDCC-DCA0-4A18-A9BB-30DB449E1532}.Debug|Any CPU.Build.0 = Debug|Any CPU
		{0D55CDCC-DCA0-4A18-A9BB-30DB449E1532}.Debug|Any CPU.Deploy.0 = Debug|Any CPU
		{0D55CDCC-DCA0-4A18-A9BB-30DB449E1532}.Release|Any CPU.ActiveCfg = Release|Any CPU
		{0D55CDCC-DCA0-4A18-A9BB-30DB449E1532}.Release|Any CPU.Build.0 = Release|Any CPU
		{0D55CDCC-DCA0-4A18-A9BB-30DB449E1532}.Release|Any CPU.Deploy.0 = Release|Any CPU
	EndGlobalSection
	GlobalSection(SolutionProperties) = preSolution
		HideSolutionNode = FALSE
	EndGlobalSection
	GlobalSection(ExtensibilityGlobals) = postSolution
		SolutionGuid = {C28086E9-DA24-4899-8F8A-C5D1B3ABC83F}
	EndGlobalSection
EndGlobal
